
Microsoft Visual Studio Solution File, Format Version 12.00
# Visual Studio Version 16
VisualStudioVersion = 16.0.32228.343
MinimumVisualStudioVersion = 10.0.40219.1
Project("{FAE04EC0-301F-11D3-BF4B-00C04F79EFBC}") = "PersonalJournal.Models", "PersonalJournal.Models\PersonalJournal.Models.csproj", "{31BF9F52-7B83-489F-8627-01B5FF99C27A}"
EndProject
Project("{FAE04EC0-301F-11D3-BF4B-00C04F79EFBC}") = "PersonalJournal.MVCApp", "PersonalJournal.MVCApp\PersonalJournal.MVCApp.csproj", "{77B47106-B992-45E2-99DF-D8CE9DA50D1B}"
EndProject
Global
	GlobalSection(SolutionConfigurationPlatforms) = preSolution
		Debug|Any CPU = Debug|Any CPU
		Release|Any CPU = Release|Any CPU
	EndGlobalSection
	GlobalSection(ProjectConfigurationPlatforms) = postSolution
		{31BF9F52-7B83-489F-8627-01B5FF99C27A}.Debug|Any CPU.ActiveCfg = Debug|Any CPU
		{31BF9F52-7B83-489F-8627-01B5FF99C27A}.Debug|Any CPU.Build.0 = Debug|Any CPU
		{31BF9F52-7B83-489F-8627-01B5FF99C27A}.Release|Any CPU.ActiveCfg = Release|Any CPU
		{31BF9F52-7B83-489F-8627-01B5FF99C27A}.Release|Any CPU.Build.0 = Release|Any CPU
		{77B47106-B992-45E2-99DF-D8CE9DA50D1B}.Debug|Any CPU.ActiveCfg = Debug|Any CPU
		{77B47106-B992-45E2-99DF-D8CE9DA50D1B}.Debug|Any CPU.Build.0 = Debug|Any CPU
		{77B47106-B992-45E2-99DF-D8CE9DA50D1B}.Release|Any CPU.ActiveCfg = Release|Any CPU
		{77B47106-B992-45E2-99DF-D8CE9DA50D1B}.Release|Any CPU.Build.0 = Release|Any CPU
	EndGlobalSection
	GlobalSection(SolutionProperties) = preSolution
		HideSolutionNode = FALSE
	EndGlobalSection
	GlobalSection(ExtensibilityGlobals) = postSolution
		SolutionGuid = {CD1EC515-298A-498D-B226-EC375D44B837}
	EndGlobalSection
EndGlobal
