
Microsoft Visual Studio Solution File, Format Version 12.00
# Visual Studio Version 16
VisualStudioVersion = 16.0.32228.343
MinimumVisualStudioVersion = 10.0.40219.1
Project("{9A19103F-16F7-4668-BE54-9A1E7A4F7556}") = "PersonalJournal.Models", "PersonalJournal.Models\PersonalJournal.Models.csproj", "{31BF9F52-7B83-489F-8627-01B5FF99C27A}"
EndProject
Project("{9A19103F-16F7-4668-BE54-9A1E7A4F7556}") = "PersonalJournal.MVCApp", "PersonalJournal.MVCApp\PersonalJournal.MVCApp.csproj", "{77B47106-B992-45E2-99DF-D8CE9DA50D1B}"
EndProject
Project("{9A19103F-16F7-4668-BE54-9A1E7A4F7556}") = "PersonalJournal.WebAPI", "PersonalJournal.WebAPI\PersonalJournal.WebAPI.csproj", "{A3AAFAC3-2EA9-475F-90C1-C43974F86681}"
EndProject
Project("{9A19103F-16F7-4668-BE54-9A1E7A4F7556}") = "PersonalJournal.IntegrationTest", "PersonalJournal.IntegrationTest\PersonalJournal.IntegrationTest.csproj", "{9FBE75D9-9624-4445-B16A-2693BE46A04F}"
EndProject
Global
	GlobalSection(SolutionConfigurationPlatforms) = preSolution
		Debug|Any CPU = Debug|Any CPU
		Release|Any CPU = Release|Any CPU
	EndGlobalSection
	GlobalSection(ProjectConfigurationPlatforms) = postSolution
		{31BF9F52-7B83-489F-8627-01B5FF99C27A}.Debug|Any CPU.ActiveCfg = Debug|Any CPU
		{31BF9F52-7B83-489F-8627-01B5FF99C27A}.Debug|Any CPU.Build.0 = Debug|Any CPU
		{31BF9F52-7B83-489F-8627-01B5FF99C27A}.Release|Any CPU.ActiveCfg = Release|Any CPU
		{31BF9F52-7B83-489F-8627-01B5FF99C27A}.Release|Any CPU.Build.0 = Release|Any CPU
		{77B47106-B992-45E2-99DF-D8CE9DA50D1B}.Debug|Any CPU.ActiveCfg = Debug|Any CPU
		{77B47106-B992-45E2-99DF-D8CE9DA50D1B}.Debug|Any CPU.Build.0 = Debug|Any CPU
		{77B47106-B992-45E2-99DF-D8CE9DA50D1B}.Release|Any CPU.ActiveCfg = Release|Any CPU
		{77B47106-B992-45E2-99DF-D8CE9DA50D1B}.Release|Any CPU.Build.0 = Release|Any CPU
		{A3AAFAC3-2EA9-475F-90C1-C43974F86681}.Debug|Any CPU.ActiveCfg = Debug|Any CPU
		{A3AAFAC3-2EA9-475F-90C1-C43974F86681}.Debug|Any CPU.Build.0 = Debug|Any CPU
		{A3AAFAC3-2EA9-475F-90C1-C43974F86681}.Release|Any CPU.ActiveCfg = Release|Any CPU
		{A3AAFAC3-2EA9-475F-90C1-C43974F86681}.Release|Any CPU.Build.0 = Release|Any CPU
		{9FBE75D9-9624-4445-B16A-2693BE46A04F}.Debug|Any CPU.ActiveCfg = Debug|Any CPU
		{9FBE75D9-9624-4445-B16A-2693BE46A04F}.Debug|Any CPU.Build.0 = Debug|Any CPU
		{9FBE75D9-9624-4445-B16A-2693BE46A04F}.Release|Any CPU.ActiveCfg = Release|Any CPU
		{9FBE75D9-9624-4445-B16A-2693BE46A04F}.Release|Any CPU.Build.0 = Release|Any CPU
	EndGlobalSection
	GlobalSection(SolutionProperties) = preSolution
		HideSolutionNode = FALSE
	EndGlobalSection
	GlobalSection(ExtensibilityGlobals) = postSolution
		SolutionGuid = {CD1EC515-298A-498D-B226-EC375D44B837}
	EndGlobalSection
EndGlobal
